{
  "name": "@awesomeness-js/random",
  "version": "1.0.5",
  "lockfileVersion": 3,
  "requires": true,
  "packages": {
    "": {
      "name": "@awesomeness-js/random",
      "version": "1.0.5",
      "license": "MIT",
      "dependencies": {
        "@awesomeness-js/utils": "^1.0.2"
      }
    },
    "node_modules/@awesomeness-js/utils": {
      "version": "1.0.2",
      "resolved": "https://registry.npmjs.org/@awesomeness-js/utils/-/utils-1.0.2.tgz",
      "integrity": "sha512-fbTVdYOJPVq298HWEB9VnLU1yOqK1afGZJDahUmHLdkZkRxFjQKAy6upLLk1cKVE1ILJQ7xS+IHplO89zB0Vdw==",
      "license": "MIT"
    }
  }
}
